
Microsoft Visual Studio Solution File, Format Version 12.00
# Visual Studio Version 17
VisualStudioVersion = 17.10.35027.167
MinimumVisualStudioVersion = 10.0.40219.1
Project("{FAE04EC0-301F-11D3-BF4B-00C04F79EFBC}") = "OpenSpartan.FilmEventExtractor", "OpenSpartan.FilmEventExtractor\OpenSpartan.FilmEventExtractor.csproj", "{64CE8BCE-56D6-4760-87DE-657480D4E2D8}"
EndProject
Global
	GlobalSection(SolutionConfigurationPlatforms) = preSolution
		Debug|Any CPU = Debug|Any CPU
		Release|Any CPU = Release|Any CPU
	EndGlobalSection
	GlobalSection(ProjectConfigurationPlatforms) = postSolution
		{64CE8BCE-56D6-4760-87DE-657480D4E2D8}.Debug|Any CPU.ActiveCfg = Debug|Any CPU
		{64CE8BCE-56D6-4760-87DE-657480D4E2D8}.Debug|Any CPU.Build.0 = Debug|Any CPU
		{64CE8BCE-56D6-4760-87DE-657480D4E2D8}.Release|Any CPU.ActiveCfg = Release|Any CPU
		{64CE8BCE-56D6-4760-87DE-657480D4E2D8}.Release|Any CPU.Build.0 = Release|Any CPU
	EndGlobalSection
	GlobalSection(SolutionProperties) = preSolution
		HideSolutionNode = FALSE
	EndGlobalSection
	GlobalSection(ExtensibilityGlobals) = postSolution
		SolutionGuid = {1B37CD86-976B-400E-BBA4-CE9C37833EB6}
	EndGlobalSection
EndGlobal
